
Microsoft Visual Studio Solution File, Format Version 12.00
# Visual Studio 2012
Project("{FAE04EC0-301F-11D3-BF4B-00C04F79EFBC}") = "quotetrail", "quotetrail\quotetrail.csproj", "{E1D876C4-33F9-4646-8C0F-BAF7B2EE3E9E}"
EndProject
Project("{FAE04EC0-301F-11D3-BF4B-00C04F79EFBC}") = "quotetrail.Tests", "quotetrail.Tests\quotetrail.Tests.csproj", "{7C55DD6D-1269-42B8-AD3B-6F141F667CA9}"
EndProject
Project("{2150E333-8FDC-42A3-9474-1A3956D46DE8}") = ".nuget", ".nuget", "{6C9A421B-9F7A-4E71-9BA4-8EEBA18B4FAA}"
EndProject
Global
	GlobalSection(SolutionConfigurationPlatforms) = preSolution
		Debug|Any CPU = Debug|Any CPU
		Release|Any CPU = Release|Any CPU
	EndGlobalSection
	GlobalSection(ProjectConfigurationPlatforms) = postSolution
		{E1D876C4-33F9-4646-8C0F-BAF7B2EE3E9E}.Debug|Any CPU.ActiveCfg = Debug|Any CPU
		{E1D876C4-33F9-4646-8C0F-BAF7B2EE3E9E}.Debug|Any CPU.Build.0 = Debug|Any CPU
		{E1D876C4-33F9-4646-8C0F-BAF7B2EE3E9E}.Release|Any CPU.ActiveCfg = Release|Any CPU
		{E1D876C4-33F9-4646-8C0F-BAF7B2EE3E9E}.Release|Any CPU.Build.0 = Release|Any CPU
		{7C55DD6D-1269-42B8-AD3B-6F141F667CA9}.Debug|Any CPU.ActiveCfg = Debug|Any CPU
		{7C55DD6D-1269-42B8-AD3B-6F141F667CA9}.Debug|Any CPU.Build.0 = Debug|Any CPU
		{7C55DD6D-1269-42B8-AD3B-6F141F667CA9}.Release|Any CPU.ActiveCfg = Release|Any CPU
		{7C55DD6D-1269-42B8-AD3B-6F141F667CA9}.Release|Any CPU.Build.0 = Release|Any CPU
	EndGlobalSection
	GlobalSection(SolutionProperties) = preSolution
		HideSolutionNode = FALSE
	EndGlobalSection
EndGlobal
